
Microsoft Visual Studio Solution File, Format Version 12.00
# Visual Studio Version 16
VisualStudioVersion = 16.0.30804.86
MinimumVisualStudioVersion = 10.0.40219.1
Project("{FAE04EC0-301F-11D3-BF4B-00C04F79EFBC}") = "Timers", "Timers.csproj", "{75544690-660B-410B-8771-A72536BD26A4}"
EndProject
Global
	GlobalSection(SolutionConfigurationPlatforms) = preSolution
		Debug|x64 = Debug|x64
		Release|x64 = Release|x64
	EndGlobalSection
	GlobalSection(ProjectConfigurationPlatforms) = postSolution
		{75544690-660B-410B-8771-A72536BD26A4}.Debug|x64.ActiveCfg = Debug|x64
		{75544690-660B-410B-8771-A72536BD26A4}.Debug|x64.Build.0 = Debug|x64
		{75544690-660B-410B-8771-A72536BD26A4}.Release|x64.ActiveCfg = Release|x64
		{75544690-660B-410B-8771-A72536BD26A4}.Release|x64.Build.0 = Release|x64
	EndGlobalSection
	GlobalSection(SolutionProperties) = preSolution
		HideSolutionNode = FALSE
	EndGlobalSection
	GlobalSection(ExtensibilityGlobals) = postSolution
		SolutionGuid = {7F19BF7B-FE92-446B-AF2B-690A58C8FCA9}
	EndGlobalSection
EndGlobal
